// !$*UTF8*$!
{
	archiveVersion = 1;
	classes = {
	};
	objectVersion = 50;
	objects = {

/* Begin PBXBuildFile section */
		95037FDA22606C4900291810 /* AppDelegate.swift in Sources */ = {isa = PBXBuildFile; fileRef = 95037FD922606C4900291810 /* AppDelegate.swift */; };
		95037FDF22606C4900291810 /* Main.storyboard in Resources */ = {isa = PBXBuildFile; fileRef = 95037FDD22606C4900291810 /* Main.storyboard */; };
		95037FE122606C4B00291810 /* Assets.xcassets in Resources */ = {isa = PBXBuildFile; fileRef = 95037FE022606C4B00291810 /* Assets.xcassets */; };
		95037FE422606C4B00291810 /* LaunchScreen.storyboard in Resources */ = {isa = PBXBuildFile; fileRef = 95037FE222606C4B00291810 /* LaunchScreen.storyboard */; };
		95037FEC22606DAE00291810 /* ViewController.swift in Sources */ = {isa = PBXBuildFile; fileRef = 95037FEB22606DAE00291810 /* ViewController.swift */; };
		95037FEE22606EF000291810 /* MyTableCell.xib in Resources */ = {isa = PBXBuildFile; fileRef = 95037FED22606EF000291810 /* MyTableCell.xib */; };
		95037FF0226070AA00291810 /* MyTableViewCell.swift in Sources */ = {isa = PBXBuildFile; fileRef = 95037FEF226070AA00291810 /* MyTableViewCell.swift */; };
		95037FF2226085D800291810 /* TableViewController.swift in Sources */ = {isa = PBXBuildFile; fileRef = 95037FF1226085D800291810 /* TableViewController.swift */; };
		95037FF422608A0F00291810 /* Province.swift in Sources */ = {isa = PBXBuildFile; fileRef = 95037FF322608A0F00291810 /* Province.swift */; };
		9566265B2266FD2300FFEF59 /* JSONTableViewController.swift in Sources */ = {isa = PBXBuildFile; fileRef = 9566265A2266FD2300FFEF59 /* JSONTableViewController.swift */; };
		9566265F2266FE7100FFEF59 /* ModelJSON.swift in Sources */ = {isa = PBXBuildFile; fileRef = 9566265E2266FE7100FFEF59 /* ModelJSON.swift */; };
		95BE98AB226719080081EA9D /* JSONTableViewCell.swift in Sources */ = {isa = PBXBuildFile; fileRef = 95BE98AA226719080081EA9D /* JSONTableViewCell.swift */; };
		95FC7161226197DD00BDE1E2 /* TestViewController.swift in Sources */ = {isa = PBXBuildFile; fileRef = 95FC7160226197DD00BDE1E2 /* TestViewController.swift */; };
		C46E022C553E04DC62037E4F /* Pods_TrainningIOS.framework in Frameworks */ = {isa = PBXBuildFile; fileRef = 2C5710FCA110B7590862DB6B /* Pods_TrainningIOS.framework */; };
/* End PBXBuildFile section */

/* Begin PBXFileReference section */
		2C5710FCA110B7590862DB6B /* Pods_TrainningIOS.framework */ = {isa = PBXFileReference; explicitFileType = wrapper.framework; includeInIndex = 0; path = Pods_TrainningIOS.framework; sourceTree = BUILT_PRODUCTS_DIR; };
		82DAD9B1CC87F308ABA73409 /* Pods-TrainningIOS.release.xcconfig */ = {isa = PBXFileReference; includeInIndex = 1; lastKnownFileType = text.xcconfig; name = "Pods-TrainningIOS.release.xcconfig"; path = "Target Support Files/Pods-TrainningIOS/Pods-TrainningIOS.release.xcconfig"; sourceTree = "<group>"; };
		95037FD622606C4900291810 /* TrainningIOS.app */ = {isa = PBXFileReference; explicitFileType = wrapper.application; includeInIndex = 0; path = TrainningIOS.app; sourceTree = BUILT_PRODUCTS_DIR; };
		95037FD922606C4900291810 /* AppDelegate.swift */ = {isa = PBXFileReference; lastKnownFileType = sourcecode.swift; path = AppDelegate.swift; sourceTree = "<group>"; };
		95037FDE22606C4900291810 /* Base */ = {isa = PBXFileReference; lastKnownFileType = file.storyboard; name = Base; path = Base.lproj/Main.storyboard; sourceTree = "<group>"; };
		95037FE022606C4B00291810 /* Assets.xcassets */ = {isa = PBXFileReference; lastKnownFileType = folder.assetcatalog; path = Assets.xcassets; sourceTree = "<group>"; };
		95037FE322606C4B00291810 /* Base */ = {isa = PBXFileReference; lastKnownFileType = file.storyboard; name = Base; path = Base.lproj/LaunchScreen.storyboard; sourceTree = "<group>"; };
		95037FE522606C4B00291810 /* Info.plist */ = {isa = PBXFileReference; lastKnownFileType = text.plist.xml; path = Info.plist; sourceTree = "<group>"; };
		95037FEB22606DAE00291810 /* ViewController.swift */ = {isa = PBXFileReference; lastKnownFileType = sourcecode.swift; path = ViewController.swift; sourceTree = "<group>"; };
		95037FED22606EF000291810 /* MyTableCell.xib */ = {isa = PBXFileReference; lastKnownFileType = file.xib; path = MyTableCell.xib; sourceTree = "<group>"; };
		95037FEF226070AA00291810 /* MyTableViewCell.swift */ = {isa = PBXFileReference; lastKnownFileType = sourcecode.swift; path = MyTableViewCell.swift; sourceTree = "<group>"; };
		95037FF1226085D800291810 /* TableViewController.swift */ = {isa = PBXFileReference; lastKnownFileType = sourcecode.swift; path = TableViewController.swift; sourceTree = "<group>"; };
		95037FF322608A0F00291810 /* Province.swift */ = {isa = PBXFileReference; lastKnownFileType = sourcecode.swift; path = Province.swift; sourceTree = "<group>"; };
		95200E79C8767B1B5C272215 /* Pods-TrainningIOS.debug.xcconfig */ = {isa = PBXFileReference; includeInIndex = 1; lastKnownFileType = text.xcconfig; name = "Pods-TrainningIOS.debug.xcconfig"; path = "Target Support Files/Pods-TrainningIOS/Pods-TrainningIOS.debug.xcconfig"; sourceTree = "<group>"; };
		9566265A2266FD2300FFEF59 /* JSONTableViewController.swift */ = {isa = PBXFileReference; lastKnownFileType = sourcecode.swift; path = JSONTableViewController.swift; sourceTree = "<group>"; };
		9566265E2266FE7100FFEF59 /* ModelJSON.swift */ = {isa = PBXFileReference; lastKnownFileType = sourcecode.swift; path = ModelJSON.swift; sourceTree = "<group>"; };
		95BE98AA226719080081EA9D /* JSONTableViewCell.swift */ = {isa = PBXFileReference; lastKnownFileType = sourcecode.swift; path = JSONTableViewCell.swift; sourceTree = "<group>"; };
		95FC7160226197DD00BDE1E2 /* TestViewController.swift */ = {isa = PBXFileReference; lastKnownFileType = sourcecode.swift; path = TestViewController.swift; sourceTree = "<group>"; };
/* End PBXFileReference section */

/* Begin PBXFrameworksBuildPhase section */
		95037FD322606C4900291810 /* Frameworks */ = {
			isa = PBXFrameworksBuildPhase;
			buildActionMask = 2147483647;
			files = (
				C46E022C553E04DC62037E4F /* Pods_TrainningIOS.framework in Frameworks */,
			);
			runOnlyForDeploymentPostprocessing = 0;
		};
/* End PBXFrameworksBuildPhase section */

/* Begin PBXGroup section */
		032D0936667B5524338BADE9 /* Pods */ = {
			isa = PBXGroup;
			children = (
				95200E79C8767B1B5C272215 /* Pods-TrainningIOS.debug.xcconfig */,
				82DAD9B1CC87F308ABA73409 /* Pods-TrainningIOS.release.xcconfig */,
			);
			path = Pods;
			sourceTree = "<group>";
		};
		1EB4E7A20D3B20B2307C1CCF /* Frameworks */ = {
			isa = PBXGroup;
			children = (
				2C5710FCA110B7590862DB6B /* Pods_TrainningIOS.framework */,
			);
			name = Frameworks;
			sourceTree = "<group>";
		};
		95037FCD22606C4900291810 = {
			isa = PBXGroup;
			children = (
				95037FD822606C4900291810 /* TrainningIOS */,
				95037FD722606C4900291810 /* Products */,
				032D0936667B5524338BADE9 /* Pods */,
				1EB4E7A20D3B20B2307C1CCF /* Frameworks */,
			);
			sourceTree = "<group>";
		};
		95037FD722606C4900291810 /* Products */ = {
			isa = PBXGroup;
			children = (
				95037FD622606C4900291810 /* TrainningIOS.app */,
			);
			name = Products;
			sourceTree = "<group>";
		};
		95037FD822606C4900291810 /* TrainningIOS */ = {
			isa = PBXGroup;
			children = (
				95BE98AC226722E00081EA9D /* Lesson 6 */,
				95037FD922606C4900291810 /* AppDelegate.swift */,
				95037FDD22606C4900291810 /* Main.storyboard */,
				95037FEB22606DAE00291810 /* ViewController.swift */,
				95037FEF226070AA00291810 /* MyTableViewCell.swift */,
				95FC7160226197DD00BDE1E2 /* TestViewController.swift */,
				95037FF1226085D800291810 /* TableViewController.swift */,
				95037FED22606EF000291810 /* MyTableCell.xib */,
				95037FE022606C4B00291810 /* Assets.xcassets */,
				95037FE222606C4B00291810 /* LaunchScreen.storyboard */,
				95037FE522606C4B00291810 /* Info.plist */,
				95037FF322608A0F00291810 /* Province.swift */,
			);
			path = TrainningIOS;
			sourceTree = "<group>";
		};
		95BE98AC226722E00081EA9D /* Lesson 6 */ = {
			isa = PBXGroup;
			children = (
				9566265E2266FE7100FFEF59 /* ModelJSON.swift */,
				95BE98AA226719080081EA9D /* JSONTableViewCell.swift */,
				9566265A2266FD2300FFEF59 /* JSONTableViewController.swift */,
			);
			path = "Lesson 6";
			sourceTree = "<group>";
		};
/* End PBXGroup section */

/* Begin PBXNativeTarget section */
		95037FD522606C4900291810 /* TrainningIOS */ = {
			isa = PBXNativeTarget;
			buildConfigurationList = 95037FE822606C4B00291810 /* Build configuration list for PBXNativeTarget "TrainningIOS" */;
			buildPhases = (
				EC414BCDC605CB08CE453D52 /* [CP] Check Pods Manifest.lock */,
				95037FD222606C4900291810 /* Sources */,
				95037FD322606C4900291810 /* Frameworks */,
				95037FD422606C4900291810 /* Resources */,
				C121C9567A45B86777BE02C4 /* [CP] Embed Pods Frameworks */,
			);
			buildRules = (
			);
			dependencies = (
			);
			name = TrainningIOS;
			productName = TrainningIOS;
			productReference = 95037FD622606C4900291810 /* TrainningIOS.app */;
			productType = "com.apple.product-type.application";
		};
/* End PBXNativeTarget section */

/* Begin PBXProject section */
		95037FCE22606C4900291810 /* Project object */ = {
			isa = PBXProject;
			attributes = {
				LastSwiftUpdateCheck = 0940;
				LastUpgradeCheck = 0940;
				ORGANIZATIONNAME = cuonghx;
				TargetAttributes = {
					95037FD522606C4900291810 = {
						CreatedOnToolsVersion = 9.4.1;
					};
				};
			};
			buildConfigurationList = 95037FD122606C4900291810 /* Build configuration list for PBXProject "TrainningIOS" */;
			compatibilityVersion = "Xcode 9.3";
			developmentRegion = en;
			hasScannedForEncodings = 0;
			knownRegions = (
				en,
				Base,
			);
			mainGroup = 95037FCD22606C4900291810;
			productRefGroup = 95037FD722606C4900291810 /* Products */;
			projectDirPath = "";
			projectRoot = "";
			targets = (
				95037FD522606C4900291810 /* TrainningIOS */,
			);
		};
/* End PBXProject section */

/* Begin PBXResourcesBuildPhase section */
		95037FD422606C4900291810 /* Resources */ = {
			isa = PBXResourcesBuildPhase;
			buildActionMask = 2147483647;
			files = (
				95037FE422606C4B00291810 /* LaunchScreen.storyboard in Resources */,
				95037FEE22606EF000291810 /* MyTableCell.xib in Resources */,
				95037FE122606C4B00291810 /* Assets.xcassets in Resources */,
				95037FDF22606C4900291810 /* Main.storyboard in Resources */,
			);
			runOnlyForDeploymentPostprocessing = 0;
		};
/* End PBXResourcesBuildPhase section */

/* Begin PBXShellScriptBuildPhase section */
		C121C9567A45B86777BE02C4 /* [CP] Embed Pods Frameworks */ = {
			isa = PBXShellScriptBuildPhase;
			buildActionMask = 2147483647;
			files = (
			);
			inputPaths = (
				"${PODS_ROOT}/Target Support Files/Pods-TrainningIOS/Pods-TrainningIOS-frameworks.sh",
				"${BUILT_PRODUCTS_DIR}/Alamofire/Alamofire.framework",
				"${BUILT_PRODUCTS_DIR}/Kingfisher/Kingfisher.framework",
				"${BUILT_PRODUCTS_DIR}/ObjectMapper/ObjectMapper.framework",
			);
			name = "[CP] Embed Pods Frameworks";
			outputPaths = (
				"${TARGET_BUILD_DIR}/${FRAMEWORKS_FOLDER_PATH}/Alamofire.framework",
				"${TARGET_BUILD_DIR}/${FRAMEWORKS_FOLDER_PATH}/Kingfisher.framework",
				"${TARGET_BUILD_DIR}/${FRAMEWORKS_FOLDER_PATH}/ObjectMapper.framework",
			);
			runOnlyForDeploymentPostprocessing = 0;
			shellPath = /bin/sh;
			shellScript = "\"${PODS_ROOT}/Target Support Files/Pods-TrainningIOS/Pods-TrainningIOS-frameworks.sh\"\n";
			showEnvVarsInLog = 0;
		};
		EC414BCDC605CB08CE453D52 /* [CP] Check Pods Manifest.lock */ = {
			isa = PBXShellScriptBuildPhase;
			buildActionMask = 2147483647;
			files = (
			);
			inputPaths = (
				"${PODS_PODFILE_DIR_PATH}/Podfile.lock",
				"${PODS_ROOT}/Manifest.lock",
			);
			name = "[CP] Check Pods Manifest.lock";
			outputPaths = (
				"$(DERIVED_FILE_DIR)/Pods-TrainningIOS-checkManifestLockResult.txt",
			);
			runOnlyForDeploymentPostprocessing = 0;
			shellPath = /bin/sh;
			shellScript = "diff \"${PODS_PODFILE_DIR_PATH}/Podfile.lock\" \"${PODS_ROOT}/Manifest.lock\" > /dev/null\nif [ $? != 0 ] ; then\n    # print error to STDERR\n    echo \"error: The sandbox is not in sync with the Podfile.lock. Run 'pod install' or update your CocoaPods installation.\" >&2\n    exit 1\nfi\n# This output is used by Xcode 'outputs' to avoid re-running this script phase.\necho \"SUCCESS\" > \"${SCRIPT_OUTPUT_FILE_0}\"\n";
			showEnvVarsInLog = 0;
		};
/* End PBXShellScriptBuildPhase section */

/* Begin PBXSourcesBuildPhase section */
		95037FD222606C4900291810 /* Sources */ = {
			isa = PBXSourcesBuildPhase;
			buildActionMask = 2147483647;
			files = (
				95037FEC22606DAE00291810 /* ViewController.swift in Sources */,
				95037FDA22606C4900291810 /* AppDelegate.swift in Sources */,
				95037FF0226070AA00291810 /* MyTableViewCell.swift in Sources */,
				95037FF2226085D800291810 /* TableViewController.swift in Sources */,
				95FC7161226197DD00BDE1E2 /* TestViewController.swift in Sources */,
				95BE98AB226719080081EA9D /* JSONTableViewCell.swift in Sources */,
				9566265F2266FE7100FFEF59 /* ModelJSON.swift in Sources */,
				9566265B2266FD2300FFEF59 /* JSONTableViewController.swift in Sources */,
				95037FF422608A0F00291810 /* Province.swift in Sources */,
			);
			runOnlyForDeploymentPostprocessing = 0;
		};
/* End PBXSourcesBuildPhase section */

/* Begin PBXVariantGroup section */
		95037FDD22606C4900291810 /* Main.storyboard */ = {
			isa = PBXVariantGroup;
			children = (
				95037FDE22606C4900291810 /* Base */,
			);
			name = Main.storyboard;
			sourceTree = "<group>";
		};
		95037FE222606C4B00291810 /* LaunchScreen.storyboard */ = {
			isa = PBXVariantGroup;
			children = (
				95037FE322606C4B00291810 /* Base */,
			);
			name = LaunchScreen.storyboard;
			sourceTree = "<group>";
		};
/* End PBXVariantGroup section */

/* Begin XCBuildConfiguration section */
		95037FE622606C4B00291810 /* Debug */ = {
			isa = XCBuildConfiguration;
			buildSettings = {
				ALWAYS_SEARCH_USER_PATHS = NO;
				CLANG_ANALYZER_NONNULL = YES;
				CLANG_ANALYZER_NUMBER_OBJECT_CONVERSION = YES_AGGRESSIVE;
				CLANG_CXX_LANGUAGE_STANDARD = "gnu++14";
				CLANG_CXX_LIBRARY = "libc++";
				CLANG_ENABLE_MODULES = YES;
				CLANG_ENABLE_OBJC_ARC = YES;
				CLANG_ENABLE_OBJC_WEAK = YES;
				CLANG_WARN_BLOCK_CAPTURE_AUTORELEASING = YES;
				CLANG_WARN_BOOL_CONVERSION = YES;
				CLANG_WARN_COMMA = YES;
				CLANG_WARN_CONSTANT_CONVERSION = YES;
				CLANG_WARN_DEPRECATED_OBJC_IMPLEMENTATIONS = YES;
				CLANG_WARN_DIRECT_OBJC_ISA_USAGE = YES_ERROR;
				CLANG_WARN_DOCUMENTATION_COMMENTS = YES;
				CLANG_WARN_EMPTY_BODY = YES;
				CLANG_WARN_ENUM_CONVERSION = YES;
				CLANG_WARN_INFINITE_RECURSION = YES;
				CLANG_WARN_INT_CONVERSION = YES;
				CLANG_WARN_NON_LITERAL_NULL_CONVERSION = YES;
				CLANG_WARN_OBJC_IMPLICIT_RETAIN_SELF = YES;
				CLANG_WARN_OBJC_LITERAL_CONVERSION = YES;
				CLANG_WARN_OBJC_ROOT_CLASS = YES_ERROR;
				CLANG_WARN_RANGE_LOOP_ANALYSIS = YES;
				CLANG_WARN_STRICT_PROTOTYPES = YES;
				CLANG_WARN_SUSPICIOUS_MOVE = YES;
				CLANG_WARN_UNGUARDED_AVAILABILITY = YES_AGGRESSIVE;
				CLANG_WARN_UNREACHABLE_CODE = YES;
				CLANG_WARN__DUPLICATE_METHOD_MATCH = YES;
				CODE_SIGN_IDENTITY = "iPhone Developer";
				COPY_PHASE_STRIP = NO;
				DEBUG_INFORMATION_FORMAT = dwarf;
				ENABLE_STRICT_OBJC_MSGSEND = YES;
				ENABLE_TESTABILITY = YES;
				GCC_C_LANGUAGE_STANDARD = gnu11;
				GCC_DYNAMIC_NO_PIC = NO;
				GCC_NO_COMMON_BLOCKS = YES;
				GCC_OPTIMIZATION_LEVEL = 0;
				GCC_PREPROCESSOR_DEFINITIONS = (
					"DEBUG=1",
					"$(inherited)",
				);
				GCC_WARN_64_TO_32_BIT_CONVERSION = YES;
				GCC_WARN_ABOUT_RETURN_TYPE = YES_ERROR;
				GCC_WARN_UNDECLARED_SELECTOR = YES;
				GCC_WARN_UNINITIALIZED_AUTOS = YES_AGGRESSIVE;
				GCC_WARN_UNUSED_FUNCTION = YES;
				GCC_WARN_UNUSED_VARIABLE = YES;
				IPHONEOS_DEPLOYMENT_TARGET = 11.4;
				MTL_ENABLE_DEBUG_INFO = YES;
				ONLY_ACTIVE_ARCH = YES;
				SDKROOT = iphoneos;
				SWIFT_ACTIVE_COMPILATION_CONDITIONS = DEBUG;
				SWIFT_OPTIMIZATION_LEVEL = "-Onone";
			};
			name = Debug;
		};
		95037FE722606C4B00291810 /* Release */ = {
			isa = XCBuildConfiguration;
			buildSettings = {
				ALWAYS_SEARCH_USER_PATHS = NO;
				CLANG_ANALYZER_NONNULL = YES;
				CLANG_ANALYZER_NUMBER_OBJECT_CONVERSION = YES_AGGRESSIVE;
				CLANG_CXX_LANGUAGE_STANDARD = "gnu++14";
				CLANG_CXX_LIBRARY = "libc++";
				CLANG_ENABLE_MODULES = YES;
				CLANG_ENABLE_OBJC_ARC = YES;
				CLANG_ENABLE_OBJC_WEAK = YES;
				CLANG_WARN_BLOCK_CAPTURE_AUTORELEASING = YES;
				CLANG_WARN_BOOL_CONVERSION = YES;
				CLANG_WARN_COMMA = YES;
				CLANG_WARN_CONSTANT_CONVERSION = YES;
				CLANG_WARN_DEPRECATED_OBJC_IMPLEMENTATIONS = YES;
				CLANG_WARN_DIRECT_OBJC_ISA_USAGE = YES_ERROR;
				CLANG_WARN_DOCUMENTATION_COMMENTS = YES;
				CLANG_WARN_EMPTY_BODY = YES;
				CLANG_WARN_ENUM_CONVERSION = YES;
				CLANG_WARN_INFINITE_RECURSION = YES;
				CLANG_WARN_INT_CONVERSION = YES;
				CLANG_WARN_NON_LITERAL_NULL_CONVERSION = YES;
				CLANG_WARN_OBJC_IMPLICIT_RETAIN_SELF = YES;
				CLANG_WARN_OBJC_LITERAL_CONVERSION = YES;
				CLANG_WARN_OBJC_ROOT_CLASS = YES_ERROR;
				CLANG_WARN_RANGE_LOOP_ANALYSIS = YES;
				CLANG_WARN_STRICT_PROTOTYPES = YES;
				CLANG_WARN_SUSPICIOUS_MOVE = YES;
				CLANG_WARN_UNGUARDED_AVAILABILITY = YES_AGGRESSIVE;
				CLANG_WARN_UNREACHABLE_CODE = YES;
				CLANG_WARN__DUPLICATE_METHOD_MATCH = YES;
				CODE_SIGN_IDENTITY = "iPhone Developer";
				COPY_PHASE_STRIP = NO;
				DEBUG_INFORMATION_FORMAT = "dwarf-with-dsym";
				ENABLE_NS_ASSERTIONS = NO;
				ENABLE_STRICT_OBJC_MSGSEND = YES;
				GCC_C_LANGUAGE_STANDARD = gnu11;
				GCC_NO_COMMON_BLOCKS = YES;
				GCC_WARN_64_TO_32_BIT_CONVERSION = YES;
				GCC_WARN_ABOUT_RETURN_TYPE = YES_ERROR;
				GCC_WARN_UNDECLARED_SELECTOR = YES;
				GCC_WARN_UNINITIALIZED_AUTOS = YES_AGGRESSIVE;
				GCC_WARN_UNUSED_FUNCTION = YES;
				GCC_WARN_UNUSED_VARIABLE = YES;
				IPHONEOS_DEPLOYMENT_TARGET = 11.4;
				MTL_ENABLE_DEBUG_INFO = NO;
				SDKROOT = iphoneos;
				SWIFT_COMPILATION_MODE = wholemodule;
				SWIFT_OPTIMIZATION_LEVEL = "-O";
				VALIDATE_PRODUCT = YES;
			};
			name = Release;
		};
		95037FE922606C4B00291810 /* Debug */ = {
			isa = XCBuildConfiguration;
			baseConfigurationReference = 95200E79C8767B1B5C272215 /* Pods-TrainningIOS.debug.xcconfig */;
			buildSettings = {
				ASSETCATALOG_COMPILER_APPICON_NAME = AppIcon;
				CODE_SIGN_STYLE = Automatic;
				INFOPLIST_FILE = TrainningIOS/Info.plist;
				LD_RUNPATH_SEARCH_PATHS = (
					"$(inherited)",
					"@executable_path/Frameworks",
				);
				PRODUCT_BUNDLE_IDENTIFIER = cuonghx2709.TrainningIOS;
				PRODUCT_NAME = "$(TARGET_NAME)";
				SWIFT_VERSION = 4.0;
				TARGETED_DEVICE_FAMILY = "1,2";
			};
			name = Debug;
		};
		95037FEA22606C4B00291810 /* Release */ = {
			isa = XCBuildConfiguration;
			baseConfigurationReference = 82DAD9B1CC87F308ABA73409 /* Pods-TrainningIOS.release.xcconfig */;
			buildSettings = {
				ASSETCATALOG_COMPILER_APPICON_NAME = AppIcon;
				CODE_SIGN_STYLE = Automatic;
				INFOPLIST_FILE = TrainningIOS/Info.plist;
				LD_RUNPATH_SEARCH_PATHS = (
					"$(inherited)",
					"@executable_path/Frameworks",
				);
				PRODUCT_BUNDLE_IDENTIFIER = cuonghx2709.TrainningIOS;
				PRODUCT_NAME = "$(TARGET_NAME)";
				SWIFT_VERSION = 4.0;
				TARGETED_DEVICE_FAMILY = "1,2";
			};
			name = Release;
		};
/* End XCBuildConfiguration section */

/* Begin XCConfigurationList section */
		95037FD122606C4900291810 /* Build configuration list for PBXProject "TrainningIOS" */ = {
			isa = XCConfigurationList;
			buildConfigurations = (
				95037FE622606C4B00291810 /* Debug */,
				95037FE722606C4B00291810 /* Release */,
			);
			defaultConfigurationIsVisible = 0;
			defaultConfigurationName = Release;
		};
		95037FE822606C4B00291810 /* Build configuration list for PBXNativeTarget "TrainningIOS" */ = {
			isa = XCConfigurationList;
			buildConfigurations = (
				95037FE922606C4B00291810 /* Debug */,
				95037FEA22606C4B00291810 /* Release */,
			);
			defaultConfigurationIsVisible = 0;
			defaultConfigurationName = Release;
		};
/* End XCConfigurationList section */
	};
	rootObject = 95037FCE22606C4900291810 /* Project object */;
}
